
Microsoft Visual Studio Solution File, Format Version 12.00
# Visual Studio Version 17
VisualStudioVersion = 17.14.36511.14 d17.14
MinimumVisualStudioVersion = 10.0.40219.1
Project("{FAE04EC0-301F-11D3-BF4B-00C04F79EFBC}") = "opp-2025-1007-files-string-77262", "opp-2025-1007-files-string-77262\opp-2025-1007-files-string-77262.csproj", "{384CA9AA-8CE2-4720-BF08-37ADB1ED15D1}"
EndProject
Global
	GlobalSection(SolutionConfigurationPlatforms) = preSolution
		Debug|Any CPU = Debug|Any CPU
		Release|Any CPU = Release|Any CPU
	EndGlobalSection
	GlobalSection(ProjectConfigurationPlatforms) = postSolution
		{384CA9AA-8CE2-4720-BF08-37ADB1ED15D1}.Debug|Any CPU.ActiveCfg = Debug|Any CPU
		{384CA9AA-8CE2-4720-BF08-37ADB1ED15D1}.Debug|Any CPU.Build.0 = Debug|Any CPU
		{384CA9AA-8CE2-4720-BF08-37ADB1ED15D1}.Release|Any CPU.ActiveCfg = Release|Any CPU
		{384CA9AA-8CE2-4720-BF08-37ADB1ED15D1}.Release|Any CPU.Build.0 = Release|Any CPU
	EndGlobalSection
	GlobalSection(SolutionProperties) = preSolution
		HideSolutionNode = FALSE
	EndGlobalSection
	GlobalSection(ExtensibilityGlobals) = postSolution
		SolutionGuid = {B8D9503D-B2D1-4B0C-A4FD-8DFE9FB6499B}
	EndGlobalSection
EndGlobal
